
Microsoft Visual Studio Solution File, Format Version 12.00
# Visual Studio Version 17
VisualStudioVersion = 17.10.35027.167
MinimumVisualStudioVersion = 10.0.40219.1
Project("{FAE04EC0-301F-11D3-BF4B-00C04F79EFBC}") = "DeBai", "DeBai\DeBai.csproj", "{F4BAE560-D697-4674-9CFF-388BDC31B9A8}"
EndProject
Project("{FAE04EC0-301F-11D3-BF4B-00C04F79EFBC}") = "SanPhamEdit", "SanPhamEdit\SanPhamEdit.csproj", "{A67028FD-3E08-46AA-A87B-3BA0041C5F46}"
EndProject
Project("{FAE04EC0-301F-11D3-BF4B-00C04F79EFBC}") = "SanPhamAdd", "SanPhamAdd\SanPhamAdd.csproj", "{89A3BEAE-B6D2-433C-8772-6F5DE236E016}"
EndProject
Project("{FAE04EC0-301F-11D3-BF4B-00C04F79EFBC}") = "Bai2", "Bai2\Bai2.csproj", "{5C9EB475-072C-43BE-ABD4-B054EF729740}"
EndProject
Global
	GlobalSection(SolutionConfigurationPlatforms) = preSolution
		Debug|Any CPU = Debug|Any CPU
		Release|Any CPU = Release|Any CPU
	EndGlobalSection
	GlobalSection(ProjectConfigurationPlatforms) = postSolution
		{F4BAE560-D697-4674-9CFF-388BDC31B9A8}.Debug|Any CPU.ActiveCfg = Debug|Any CPU
		{F4BAE560-D697-4674-9CFF-388BDC31B9A8}.Debug|Any CPU.Build.0 = Debug|Any CPU
		{F4BAE560-D697-4674-9CFF-388BDC31B9A8}.Release|Any CPU.ActiveCfg = Release|Any CPU
		{F4BAE560-D697-4674-9CFF-388BDC31B9A8}.Release|Any CPU.Build.0 = Release|Any CPU
		{A67028FD-3E08-46AA-A87B-3BA0041C5F46}.Debug|Any CPU.ActiveCfg = Debug|Any CPU
		{A67028FD-3E08-46AA-A87B-3BA0041C5F46}.Debug|Any CPU.Build.0 = Debug|Any CPU
		{A67028FD-3E08-46AA-A87B-3BA0041C5F46}.Release|Any CPU.ActiveCfg = Release|Any CPU
		{A67028FD-3E08-46AA-A87B-3BA0041C5F46}.Release|Any CPU.Build.0 = Release|Any CPU
		{89A3BEAE-B6D2-433C-8772-6F5DE236E016}.Debug|Any CPU.ActiveCfg = Debug|Any CPU
		{89A3BEAE-B6D2-433C-8772-6F5DE236E016}.Debug|Any CPU.Build.0 = Debug|Any CPU
		{89A3BEAE-B6D2-433C-8772-6F5DE236E016}.Release|Any CPU.ActiveCfg = Release|Any CPU
		{89A3BEAE-B6D2-433C-8772-6F5DE236E016}.Release|Any CPU.Build.0 = Release|Any CPU
		{5C9EB475-072C-43BE-ABD4-B054EF729740}.Debug|Any CPU.ActiveCfg = Debug|Any CPU
		{5C9EB475-072C-43BE-ABD4-B054EF729740}.Debug|Any CPU.Build.0 = Debug|Any CPU
		{5C9EB475-072C-43BE-ABD4-B054EF729740}.Release|Any CPU.ActiveCfg = Release|Any CPU
		{5C9EB475-072C-43BE-ABD4-B054EF729740}.Release|Any CPU.Build.0 = Release|Any CPU
	EndGlobalSection
	GlobalSection(SolutionProperties) = preSolution
		HideSolutionNode = FALSE
	EndGlobalSection
	GlobalSection(ExtensibilityGlobals) = postSolution
		SolutionGuid = {961F9B30-52DE-42C8-B236-A3DCA9FED0FA}
	EndGlobalSection
EndGlobal
